// !$*UTF8*$!
{
	archiveVersion = 1;
	classes = {
	};
	objectVersion = 46;
	objects = {

/* Begin PBXBuildFile section */
		4810481A192B22EA009B4B08 /* Foundation.framework in Frameworks */ = {isa = PBXBuildFile; fileRef = 48104819192B22EA009B4B08 /* Foundation.framework */; };
		4810481C192B22EA009B4B08 /* CoreGraphics.framework in Frameworks */ = {isa = PBXBuildFile; fileRef = 4810481B192B22EA009B4B08 /* CoreGraphics.framework */; };
		4810481E192B22EA009B4B08 /* UIKit.framework in Frameworks */ = {isa = PBXBuildFile; fileRef = 4810481D192B22EA009B4B08 /* UIKit.framework */; };
		48104824192B22EA009B4B08 /* InfoPlist.strings in Resources */ = {isa = PBXBuildFile; fileRef = 48104822192B22EA009B4B08 /* InfoPlist.strings */; };
		48104826192B22EA009B4B08 /* main.m in Sources */ = {isa = PBXBuildFile; fileRef = 48104825192B22EA009B4B08 /* main.m */; };
		4810482A192B22EA009B4B08 /* AppDelegate.m in Sources */ = {isa = PBXBuildFile; fileRef = 48104829192B22EA009B4B08 /* AppDelegate.m */; };
		4810482D192B22EA009B4B08 /* Main_iPhone.storyboard in Resources */ = {isa = PBXBuildFile; fileRef = 4810482B192B22EA009B4B08 /* Main_iPhone.storyboard */; };
		48104830192B22EA009B4B08 /* Main_iPad.storyboard in Resources */ = {isa = PBXBuildFile; fileRef = 4810482E192B22EA009B4B08 /* Main_iPad.storyboard */; };
		48104833192B22EA009B4B08 /* ViewController.m in Sources */ = {isa = PBXBuildFile; fileRef = 48104832192B22EA009B4B08 /* ViewController.m */; };
		48104835192B22EA009B4B08 /* Images.xcassets in Resources */ = {isa = PBXBuildFile; fileRef = 48104834192B22EA009B4B08 /* Images.xcassets */; };
		4810483C192B22EA009B4B08 /* XCTest.framework in Frameworks */ = {isa = PBXBuildFile; fileRef = 4810483B192B22EA009B4B08 /* XCTest.framework */; };
		4810483D192B22EA009B4B08 /* Foundation.framework in Frameworks */ = {isa = PBXBuildFile; fileRef = 48104819192B22EA009B4B08 /* Foundation.framework */; };
		4810483E192B22EA009B4B08 /* UIKit.framework in Frameworks */ = {isa = PBXBuildFile; fileRef = 4810481D192B22EA009B4B08 /* UIKit.framework */; };
		48104846192B22EA009B4B08 /* InfoPlist.strings in Resources */ = {isa = PBXBuildFile; fileRef = 48104844192B22EA009B4B08 /* InfoPlist.strings */; };
		48104848192B22EA009B4B08 /* RestaurantBashTests.m in Sources */ = {isa = PBXBuildFile; fileRef = 48104847192B22EA009B4B08 /* RestaurantBashTests.m */; };
/* End PBXBuildFile section */

/* Begin PBXContainerItemProxy section */
		4810483F192B22EA009B4B08 /* PBXContainerItemProxy */ = {
			isa = PBXContainerItemProxy;
			containerPortal = 4810480E192B22EA009B4B08 /* Project object */;
			proxyType = 1;
			remoteGlobalIDString = 48104815192B22EA009B4B08;
			remoteInfo = RestaurantBash;
		};
/* End PBXContainerItemProxy section */

/* Begin PBXFileReference section */
		48104816192B22EA009B4B08 /* RestaurantBash.app */ = {isa = PBXFileReference; explicitFileType = wrapper.application; includeInIndex = 0; path = RestaurantBash.app; sourceTree = BUILT_PRODUCTS_DIR; };
		48104819192B22EA009B4B08 /* Foundation.framework */ = {isa = PBXFileReference; lastKnownFileType = wrapper.framework; name = Foundation.framework; path = System/Library/Frameworks/Foundation.framework; sourceTree = SDKROOT; };
		4810481B192B22EA009B4B08 /* CoreGraphics.framework */ = {isa = PBXFileReference; lastKnownFileType = wrapper.framework; name = CoreGraphics.framework; path = System/Library/Frameworks/CoreGraphics.framework; sourceTree = SDKROOT; };
		4810481D192B22EA009B4B08 /* UIKit.framework */ = {isa = PBXFileReference; lastKnownFileType = wrapper.framework; name = UIKit.framework; path = System/Library/Frameworks/UIKit.framework; sourceTree = SDKROOT; };
		48104821192B22EA009B4B08 /* RestaurantBash-Info.plist */ = {isa = PBXFileReference; lastKnownFileType = text.plist.xml; path = "RestaurantBash-Info.plist"; sourceTree = "<group>"; };
		48104823192B22EA009B4B08 /* en */ = {isa = PBXFileReference; lastKnownFileType = text.plist.strings; name = en; path = en.lproj/InfoPlist.strings; sourceTree = "<group>"; };
		48104825192B22EA009B4B08 /* main.m */ = {isa = PBXFileReference; lastKnownFileType = sourcecode.c.objc; path = main.m; sourceTree = "<group>"; };
		48104827192B22EA009B4B08 /* RestaurantBash-Prefix.pch */ = {isa = PBXFileReference; lastKnownFileType = sourcecode.c.h; path = "RestaurantBash-Prefix.pch"; sourceTree = "<group>"; };
		48104828192B22EA009B4B08 /* AppDelegate.h */ = {isa = PBXFileReference; lastKnownFileType = sourcecode.c.h; path = AppDelegate.h; sourceTree = "<group>"; };
		48104829192B22EA009B4B08 /* AppDelegate.m */ = {isa = PBXFileReference; lastKnownFileType = sourcecode.c.objc; path = AppDelegate.m; sourceTree = "<group>"; };
		4810482C192B22EA009B4B08 /* Base */ = {isa = PBXFileReference; lastKnownFileType = file.storyboard; name = Base; path = Base.lproj/Main_iPhone.storyboard; sourceTree = "<group>"; };
		4810482F192B22EA009B4B08 /* Base */ = {isa = PBXFileReference; lastKnownFileType = file.storyboard; name = Base; path = Base.lproj/Main_iPad.storyboard; sourceTree = "<group>"; };
		48104831192B22EA009B4B08 /* ViewController.h */ = {isa = PBXFileReference; lastKnownFileType = sourcecode.c.h; path = ViewController.h; sourceTree = "<group>"; };
		48104832192B22EA009B4B08 /* ViewController.m */ = {isa = PBXFileReference; lastKnownFileType = sourcecode.c.objc; path = ViewController.m; sourceTree = "<group>"; };
		48104834192B22EA009B4B08 /* Images.xcassets */ = {isa = PBXFileReference; lastKnownFileType = folder.assetcatalog; path = Images.xcassets; sourceTree = "<group>"; };
		4810483A192B22EA009B4B08 /* RestaurantBashTests.xctest */ = {isa = PBXFileReference; explicitFileType = wrapper.cfbundle; includeInIndex = 0; path = RestaurantBashTests.xctest; sourceTree = BUILT_PRODUCTS_DIR; };
		4810483B192B22EA009B4B08 /* XCTest.framework */ = {isa = PBXFileReference; lastKnownFileType = wrapper.framework; name = XCTest.framework; path = Library/Frameworks/XCTest.framework; sourceTree = DEVELOPER_DIR; };
		48104843192B22EA009B4B08 /* RestaurantBashTests-Info.plist */ = {isa = PBXFileReference; lastKnownFileType = text.plist.xml; path = "RestaurantBashTests-Info.plist"; sourceTree = "<group>"; };
		48104845192B22EA009B4B08 /* en */ = {isa = PBXFileReference; lastKnownFileType = text.plist.strings; name = en; path = en.lproj/InfoPlist.strings; sourceTree = "<group>"; };
		48104847192B22EA009B4B08 /* RestaurantBashTests.m */ = {isa = PBXFileReference; lastKnownFileType = sourcecode.c.objc; path = RestaurantBashTests.m; sourceTree = "<group>"; };
/* End PBXFileReference section */

/* Begin PBXFrameworksBuildPhase section */
		48104813192B22EA009B4B08 /* Frameworks */ = {
			isa = PBXFrameworksBuildPhase;
			buildActionMask = 2147483647;
			files = (
				4810481C192B22EA009B4B08 /* CoreGraphics.framework in Frameworks */,
				4810481E192B22EA009B4B08 /* UIKit.framework in Frameworks */,
				4810481A192B22EA009B4B08 /* Foundation.framework in Frameworks */,
			);
			runOnlyForDeploymentPostprocessing = 0;
		};
		48104837192B22EA009B4B08 /* Frameworks */ = {
			isa = PBXFrameworksBuildPhase;
			buildActionMask = 2147483647;
			files = (
				4810483C192B22EA009B4B08 /* XCTest.framework in Frameworks */,
				4810483E192B22EA009B4B08 /* UIKit.framework in Frameworks */,
				4810483D192B22EA009B4B08 /* Foundation.framework in Frameworks */,
			);
			runOnlyForDeploymentPostprocessing = 0;
		};
/* End PBXFrameworksBuildPhase section */

/* Begin PBXGroup section */
		4810480D192B22EA009B4B08 = {
			isa = PBXGroup;
			children = (
				4810481F192B22EA009B4B08 /* RestaurantBash */,
				48104841192B22EA009B4B08 /* RestaurantBashTests */,
				48104818192B22EA009B4B08 /* Frameworks */,
				48104817192B22EA009B4B08 /* Products */,
			);
			sourceTree = "<group>";
		};
		48104817192B22EA009B4B08 /* Products */ = {
			isa = PBXGroup;
			children = (
				48104816192B22EA009B4B08 /* RestaurantBash.app */,
				4810483A192B22EA009B4B08 /* RestaurantBashTests.xctest */,
			);
			name = Products;
			sourceTree = "<group>";
		};
		48104818192B22EA009B4B08 /* Frameworks */ = {
			isa = PBXGroup;
			children = (
				48104819192B22EA009B4B08 /* Foundation.framework */,
				4810481B192B22EA009B4B08 /* CoreGraphics.framework */,
				4810481D192B22EA009B4B08 /* UIKit.framework */,
				4810483B192B22EA009B4B08 /* XCTest.framework */,
			);
			name = Frameworks;
			sourceTree = "<group>";
		};
		4810481F192B22EA009B4B08 /* RestaurantBash */ = {
			isa = PBXGroup;
			children = (
				48104828192B22EA009B4B08 /* AppDelegate.h */,
				48104829192B22EA009B4B08 /* AppDelegate.m */,
				4810482B192B22EA009B4B08 /* Main_iPhone.storyboard */,
				4810482E192B22EA009B4B08 /* Main_iPad.storyboard */,
				48104831192B22EA009B4B08 /* ViewController.h */,
				48104832192B22EA009B4B08 /* ViewController.m */,
				48104834192B22EA009B4B08 /* Images.xcassets */,
				48104820192B22EA009B4B08 /* Supporting Files */,
			);
			path = RestaurantBash;
			sourceTree = "<group>";
		};
		48104820192B22EA009B4B08 /* Supporting Files */ = {
			isa = PBXGroup;
			children = (
				48104821192B22EA009B4B08 /* RestaurantBash-Info.plist */,
				48104822192B22EA009B4B08 /* InfoPlist.strings */,
				48104825192B22EA009B4B08 /* main.m */,
				48104827192B22EA009B4B08 /* RestaurantBash-Prefix.pch */,
			);
			name = "Supporting Files";
			sourceTree = "<group>";
		};
		48104841192B22EA009B4B08 /* RestaurantBashTests */ = {
			isa = PBXGroup;
			children = (
				48104847192B22EA009B4B08 /* RestaurantBashTests.m */,
				48104842192B22EA009B4B08 /* Supporting Files */,
			);
			path = RestaurantBashTests;
			sourceTree = "<group>";
		};
		48104842192B22EA009B4B08 /* Supporting Files */ = {
			isa = PBXGroup;
			children = (
				48104843192B22EA009B4B08 /* RestaurantBashTests-Info.plist */,
				48104844192B22EA009B4B08 /* InfoPlist.strings */,
			);
			name = "Supporting Files";
			sourceTree = "<group>";
		};
/* End PBXGroup section */

/* Begin PBXNativeTarget section */
		48104815192B22EA009B4B08 /* RestaurantBash */ = {
			isa = PBXNativeTarget;
			buildConfigurationList = 4810484B192B22EA009B4B08 /* Build configuration list for PBXNativeTarget "RestaurantBash" */;
			buildPhases = (
				48104812192B22EA009B4B08 /* Sources */,
				48104813192B22EA009B4B08 /* Frameworks */,
				48104814192B22EA009B4B08 /* Resources */,
			);
			buildRules = (
			);
			dependencies = (
			);
			name = RestaurantBash;
			productName = RestaurantBash;
			productReference = 48104816192B22EA009B4B08 /* RestaurantBash.app */;
			productType = "com.apple.product-type.application";
		};
		48104839192B22EA009B4B08 /* RestaurantBashTests */ = {
			isa = PBXNativeTarget;
			buildConfigurationList = 4810484E192B22EA009B4B08 /* Build configuration list for PBXNativeTarget "RestaurantBashTests" */;
			buildPhases = (
				48104836192B22EA009B4B08 /* Sources */,
				48104837192B22EA009B4B08 /* Frameworks */,
				48104838192B22EA009B4B08 /* Resources */,
			);
			buildRules = (
			);
			dependencies = (
				48104840192B22EA009B4B08 /* PBXTargetDependency */,
			);
			name = RestaurantBashTests;
			productName = RestaurantBashTests;
			productReference = 4810483A192B22EA009B4B08 /* RestaurantBashTests.xctest */;
			productType = "com.apple.product-type.bundle.unit-test";
		};
/* End PBXNativeTarget section */

/* Begin PBXProject section */
		4810480E192B22EA009B4B08 /* Project object */ = {
			isa = PBXProject;
			attributes = {
				LastUpgradeCheck = 0510;
				ORGANIZATIONNAME = "Manulogix Pvt Ltd";
				TargetAttributes = {
					48104839192B22EA009B4B08 = {
						TestTargetID = 48104815192B22EA009B4B08;
					};
				};
			};
			buildConfigurationList = 48104811192B22EA009B4B08 /* Build configuration list for PBXProject "RestaurantBash" */;
			compatibilityVersion = "Xcode 3.2";
			developmentRegion = English;
			hasScannedForEncodings = 0;
			knownRegions = (
				en,
				Base,
			);
			mainGroup = 4810480D192B22EA009B4B08;
			productRefGroup = 48104817192B22EA009B4B08 /* Products */;
			projectDirPath = "";
			projectRoot = "";
			targets = (
				48104815192B22EA009B4B08 /* RestaurantBash */,
				48104839192B22EA009B4B08 /* RestaurantBashTests */,
			);
		};
/* End PBXProject section */

/* Begin PBXResourcesBuildPhase section */
		48104814192B22EA009B4B08 /* Resources */ = {
			isa = PBXResourcesBuildPhase;
			buildActionMask = 2147483647;
			files = (
				48104830192B22EA009B4B08 /* Main_iPad.storyboard in Resources */,
				48104835192B22EA009B4B08 /* Images.xcassets in Resources */,
				4810482D192B22EA009B4B08 /* Main_iPhone.storyboard in Resources */,
				48104824192B22EA009B4B08 /* InfoPlist.strings in Resources */,
			);
			runOnlyForDeploymentPostprocessing = 0;
		};
		48104838192B22EA009B4B08 /* Resources */ = {
			isa = PBXResourcesBuildPhase;
			buildActionMask = 2147483647;
			files = (
				48104846192B22EA009B4B08 /* InfoPlist.strings in Resources */,
			);
			runOnlyForDeploymentPostprocessing = 0;
		};
/* End PBXResourcesBuildPhase section */

/* Begin PBXSourcesBuildPhase section */
		48104812192B22EA009B4B08 /* Sources */ = {
			isa = PBXSourcesBuildPhase;
			buildActionMask = 2147483647;
			files = (
				48104833192B22EA009B4B08 /* ViewController.m in Sources */,
				4810482A192B22EA009B4B08 /* AppDelegate.m in Sources */,
				48104826192B22EA009B4B08 /* main.m in Sources */,
			);
			runOnlyForDeploymentPostprocessing = 0;
		};
		48104836192B22EA009B4B08 /* Sources */ = {
			isa = PBXSourcesBuildPhase;
			buildActionMask = 2147483647;
			files = (
				48104848192B22EA009B4B08 /* RestaurantBashTests.m in Sources */,
			);
			runOnlyForDeploymentPostprocessing = 0;
		};
/* End PBXSourcesBuildPhase section */

/* Begin PBXTargetDependency section */
		48104840192B22EA009B4B08 /* PBXTargetDependency */ = {
			isa = PBXTargetDependency;
			target = 48104815192B22EA009B4B08 /* RestaurantBash */;
			targetProxy = 4810483F192B22EA009B4B08 /* PBXContainerItemProxy */;
		};
/* End PBXTargetDependency section */

/* Begin PBXVariantGroup section */
		48104822192B22EA009B4B08 /* InfoPlist.strings */ = {
			isa = PBXVariantGroup;
			children = (
				48104823192B22EA009B4B08 /* en */,
			);
			name = InfoPlist.strings;
			sourceTree = "<group>";
		};
		4810482B192B22EA009B4B08 /* Main_iPhone.storyboard */ = {
			isa = PBXVariantGroup;
			children = (
				4810482C192B22EA009B4B08 /* Base */,
			);
			name = Main_iPhone.storyboard;
			sourceTree = "<group>";
		};
		4810482E192B22EA009B4B08 /* Main_iPad.storyboard */ = {
			isa = PBXVariantGroup;
			children = (
				4810482F192B22EA009B4B08 /* Base */,
			);
			name = Main_iPad.storyboard;
			sourceTree = "<group>";
		};
		48104844192B22EA009B4B08 /* InfoPlist.strings */ = {
			isa = PBXVariantGroup;
			children = (
				48104845192B22EA009B4B08 /* en */,
			);
			name = InfoPlist.strings;
			sourceTree = "<group>";
		};
/* End PBXVariantGroup section */

/* Begin XCBuildConfiguration section */
		48104849192B22EA009B4B08 /* Debug */ = {
			isa = XCBuildConfiguration;
			buildSettings = {
				ALWAYS_SEARCH_USER_PATHS = NO;
				CLANG_CXX_LANGUAGE_STANDARD = "gnu++0x";
				CLANG_CXX_LIBRARY = "libc++";
				CLANG_ENABLE_MODULES = YES;
				CLANG_ENABLE_OBJC_ARC = YES;
				CLANG_WARN_BOOL_CONVERSION = YES;
				CLANG_WARN_CONSTANT_CONVERSION = YES;
				CLANG_WARN_DIRECT_OBJC_ISA_USAGE = YES_ERROR;
				CLANG_WARN_EMPTY_BODY = YES;
				CLANG_WARN_ENUM_CONVERSION = YES;
				CLANG_WARN_INT_CONVERSION = YES;
				CLANG_WARN_OBJC_ROOT_CLASS = YES_ERROR;
				CLANG_WARN__DUPLICATE_METHOD_MATCH = YES;
				"CODE_SIGN_IDENTITY[sdk=iphoneos*]" = "iPhone Developer";
				COPY_PHASE_STRIP = NO;
				GCC_C_LANGUAGE_STANDARD = gnu99;
				GCC_DYNAMIC_NO_PIC = NO;
				GCC_OPTIMIZATION_LEVEL = 0;
				GCC_PREPROCESSOR_DEFINITIONS = (
					"DEBUG=1",
					"$(inherited)",
				);
				GCC_SYMBOLS_PRIVATE_EXTERN = NO;
				GCC_WARN_64_TO_32_BIT_CONVERSION = YES;
				GCC_WARN_ABOUT_RETURN_TYPE = YES_ERROR;
				GCC_WARN_UNDECLARED_SELECTOR = YES;
				GCC_WARN_UNINITIALIZED_AUTOS = YES_AGGRESSIVE;
				GCC_WARN_UNUSED_FUNCTION = YES;
				GCC_WARN_UNUSED_VARIABLE = YES;
				IPHONEOS_DEPLOYMENT_TARGET = 7.1;
				ONLY_ACTIVE_ARCH = YES;
				SDKROOT = iphoneos;
				TARGETED_DEVICE_FAMILY = "1,2";
			};
			name = Debug;
		};
		4810484A192B22EA009B4B08 /* Release */ = {
			isa = XCBuildConfiguration;
			buildSettings = {
				ALWAYS_SEARCH_USER_PATHS = NO;
				CLANG_CXX_LANGUAGE_STANDARD = "gnu++0x";
				CLANG_CXX_LIBRARY = "libc++";
				CLANG_ENABLE_MODULES = YES;
				CLANG_ENABLE_OBJC_ARC = YES;
				CLANG_WARN_BOOL_CONVERSION = YES;
				CLANG_WARN_CONSTANT_CONVERSION = YES;
				CLANG_WARN_DIRECT_OBJC_ISA_USAGE = YES_ERROR;
				CLANG_WARN_EMPTY_BODY = YES;
				CLANG_WARN_ENUM_CONVERSION = YES;
				CLANG_WARN_INT_CONVERSION = YES;
				CLANG_WARN_OBJC_ROOT_CLASS = YES_ERROR;
				CLANG_WARN__DUPLICATE_METHOD_MATCH = YES;
				"CODE_SIGN_IDENTITY[sdk=iphoneos*]" = "iPhone Developer";
				COPY_PHASE_STRIP = YES;
				ENABLE_NS_ASSERTIONS = NO;
				GCC_C_LANGUAGE_STANDARD = gnu99;
				GCC_WARN_64_TO_32_BIT_CONVERSION = YES;
				GCC_WARN_ABOUT_RETURN_TYPE = YES_ERROR;
				GCC_WARN_UNDECLARED_SELECTOR = YES;
				GCC_WARN_UNINITIALIZED_AUTOS = YES_AGGRESSIVE;
				GCC_WARN_UNUSED_FUNCTION = YES;
				GCC_WARN_UNUSED_VARIABLE = YES;
				IPHONEOS_DEPLOYMENT_TARGET = 7.1;
				SDKROOT = iphoneos;
				TARGETED_DEVICE_FAMILY = "1,2";
				VALIDATE_PRODUCT = YES;
			};
			name = Release;
		};
		4810484C192B22EA009B4B08 /* Debug */ = {
			isa = XCBuildConfiguration;
			buildSettings = {
				ASSETCATALOG_COMPILER_APPICON_NAME = AppIcon;
				ASSETCATALOG_COMPILER_LAUNCHIMAGE_NAME = LaunchImage;
				GCC_PRECOMPILE_PREFIX_HEADER = YES;
				GCC_PREFIX_HEADER = "RestaurantBash/RestaurantBash-Prefix.pch";
				INFOPLIST_FILE = "RestaurantBash/RestaurantBash-Info.plist";
				PRODUCT_NAME = "$(TARGET_NAME)";
				WRAPPER_EXTENSION = app;
			};
			name = Debug;
		};
		4810484D192B22EA009B4B08 /* Release */ = {
			isa = XCBuildConfiguration;
			buildSettings = {
				ASSETCATALOG_COMPILER_APPICON_NAME = AppIcon;
				ASSETCATALOG_COMPILER_LAUNCHIMAGE_NAME = LaunchImage;
				GCC_PRECOMPILE_PREFIX_HEADER = YES;
				GCC_PREFIX_HEADER = "RestaurantBash/RestaurantBash-Prefix.pch";
				INFOPLIST_FILE = "RestaurantBash/RestaurantBash-Info.plist";
				PRODUCT_NAME = "$(TARGET_NAME)";
				WRAPPER_EXTENSION = app;
			};
			name = Release;
		};
		4810484F192B22EA009B4B08 /* Debug */ = {
			isa = XCBuildConfiguration;
			buildSettings = {
				BUNDLE_LOADER = "$(BUILT_PRODUCTS_DIR)/RestaurantBash.app/RestaurantBash";
				FRAMEWORK_SEARCH_PATHS = (
					"$(SDKROOT)/Developer/Library/Frameworks",
					"$(inherited)",
					"$(DEVELOPER_FRAMEWORKS_DIR)",
				);
				GCC_PRECOMPILE_PREFIX_HEADER = YES;
				GCC_PREFIX_HEADER = "RestaurantBash/RestaurantBash-Prefix.pch";
				GCC_PREPROCESSOR_DEFINITIONS = (
					"DEBUG=1",
					"$(inherited)",
				);
				INFOPLIST_FILE = "RestaurantBashTests/RestaurantBashTests-Info.plist";
				PRODUCT_NAME = "$(TARGET_NAME)";
				TEST_HOST = "$(BUNDLE_LOADER)";
				WRAPPER_EXTENSION = xctest;
			};
			name = Debug;
		};
		48104850192B22EA009B4B08 /* Release */ = {
			isa = XCBuildConfiguration;
			buildSettings = {
				BUNDLE_LOADER = "$(BUILT_PRODUCTS_DIR)/RestaurantBash.app/RestaurantBash";
				FRAMEWORK_SEARCH_PATHS = (
					"$(SDKROOT)/Developer/Library/Frameworks",
					"$(inherited)",
					"$(DEVELOPER_FRAMEWORKS_DIR)",
				);
				GCC_PRECOMPILE_PREFIX_HEADER = YES;
				GCC_PREFIX_HEADER = "RestaurantBash/RestaurantBash-Prefix.pch";
				INFOPLIST_FILE = "RestaurantBashTests/RestaurantBashTests-Info.plist";
				PRODUCT_NAME = "$(TARGET_NAME)";
				TEST_HOST = "$(BUNDLE_LOADER)";
				WRAPPER_EXTENSION = xctest;
			};
			name = Release;
		};
/* End XCBuildConfiguration section */

/* Begin XCConfigurationList section */
		48104811192B22EA009B4B08 /* Build configuration list for PBXProject "RestaurantBash" */ = {
			isa = XCConfigurationList;
			buildConfigurations = (
				48104849192B22EA009B4B08 /* Debug */,
				4810484A192B22EA009B4B08 /* Release */,
			);
			defaultConfigurationIsVisible = 0;
			defaultConfigurationName = Release;
		};
		4810484B192B22EA009B4B08 /* Build configuration list for PBXNativeTarget "RestaurantBash" */ = {
			isa = XCConfigurationList;
			buildConfigurations = (
				4810484C192B22EA009B4B08 /* Debug */,
				4810484D192B22EA009B4B08 /* Release */,
			);
			defaultConfigurationIsVisible = 0;
		};
		4810484E192B22EA009B4B08 /* Build configuration list for PBXNativeTarget "RestaurantBashTests" */ = {
			isa = XCConfigurationList;
			buildConfigurations = (
				4810484F192B22EA009B4B08 /* Debug */,
				48104850192B22EA009B4B08 /* Release */,
			);
			defaultConfigurationIsVisible = 0;
		};
/* End XCConfigurationList section */
	};
	rootObject = 4810480E192B22EA009B4B08 /* Project object */;
}
